
Microsoft Visual Studio Solution File, Format Version 12.00
Project("{FAE04EC0-301F-11D3-BF4B-00C04F79EFBC}") = "backend", "backend.csproj", "{6CA5DB38-7375-487F-9B6C-B11D428961ED}"
EndProject
Global
	GlobalSection(SolutionConfigurationPlatforms) = preSolution
		Debug|Any CPU = Debug|Any CPU
		Release|Any CPU = Release|Any CPU
	EndGlobalSection
	GlobalSection(ProjectConfigurationPlatforms) = postSolution
		{6CA5DB38-7375-487F-9B6C-B11D428961ED}.Debug|Any CPU.ActiveCfg = Debug|Any CPU
		{6CA5DB38-7375-487F-9B6C-B11D428961ED}.Debug|Any CPU.Build.0 = Debug|Any CPU
		{6CA5DB38-7375-487F-9B6C-B11D428961ED}.Release|Any CPU.ActiveCfg = Release|Any CPU
		{6CA5DB38-7375-487F-9B6C-B11D428961ED}.Release|Any CPU.Build.0 = Release|Any CPU
	EndGlobalSection
EndGlobal
